// !$*UTF8*$!
{
	archiveVersion = 1;
	classes = {
	};
	objectVersion = 46;
	objects = {

/* Begin PBXBuildFile section */
		D3EAE1241818B07F005AC38F /* Foundation.framework in Frameworks */ = {isa = PBXBuildFile; fileRef = D3EAE1231818B07F005AC38F /* Foundation.framework */; };
		D3EAE1261818B07F005AC38F /* CoreGraphics.framework in Frameworks */ = {isa = PBXBuildFile; fileRef = D3EAE1251818B07F005AC38F /* CoreGraphics.framework */; };
		D3EAE1281818B07F005AC38F /* UIKit.framework in Frameworks */ = {isa = PBXBuildFile; fileRef = D3EAE1271818B07F005AC38F /* UIKit.framework */; };
		D3EAE12E1818B07F005AC38F /* InfoPlist.strings in Resources */ = {isa = PBXBuildFile; fileRef = D3EAE12C1818B07F005AC38F /* InfoPlist.strings */; };
		D3EAE1301818B07F005AC38F /* main.m in Sources */ = {isa = PBXBuildFile; fileRef = D3EAE12F1818B07F005AC38F /* main.m */; };
		D3EAE1341818B07F005AC38F /* AppDelegate.m in Sources */ = {isa = PBXBuildFile; fileRef = D3EAE1331818B07F005AC38F /* AppDelegate.m */; };
		D3EAE1371818B07F005AC38F /* Main.storyboard in Resources */ = {isa = PBXBuildFile; fileRef = D3EAE1351818B07F005AC38F /* Main.storyboard */; };
		D3EAE13A1818B07F005AC38F /* ViewController.m in Sources */ = {isa = PBXBuildFile; fileRef = D3EAE1391818B07F005AC38F /* ViewController.m */; };
		D3EAE13C1818B07F005AC38F /* Images.xcassets in Resources */ = {isa = PBXBuildFile; fileRef = D3EAE13B1818B07F005AC38F /* Images.xcassets */; };
		D3EAE1431818B07F005AC38F /* XCTest.framework in Frameworks */ = {isa = PBXBuildFile; fileRef = D3EAE1421818B07F005AC38F /* XCTest.framework */; };
		D3EAE1441818B07F005AC38F /* Foundation.framework in Frameworks */ = {isa = PBXBuildFile; fileRef = D3EAE1231818B07F005AC38F /* Foundation.framework */; };
		D3EAE1451818B07F005AC38F /* UIKit.framework in Frameworks */ = {isa = PBXBuildFile; fileRef = D3EAE1271818B07F005AC38F /* UIKit.framework */; };
		D3EAE14D1818B07F005AC38F /* InfoPlist.strings in Resources */ = {isa = PBXBuildFile; fileRef = D3EAE14B1818B07F005AC38F /* InfoPlist.strings */; };
		D3EAE14F1818B07F005AC38F /* VoovilSplashScreenTests.m in Sources */ = {isa = PBXBuildFile; fileRef = D3EAE14E1818B07F005AC38F /* VoovilSplashScreenTests.m */; };
		D3EAE1641818B153005AC38F /* bg-default.png in Resources */ = {isa = PBXBuildFile; fileRef = D3EAE15B1818B153005AC38F /* bg-default.png */; };
		D3EAE1651818B153005AC38F /* bg-default@2x.png in Resources */ = {isa = PBXBuildFile; fileRef = D3EAE15C1818B153005AC38F /* bg-default@2x.png */; };
		D3EAE1681818B153005AC38F /* list.png in Resources */ = {isa = PBXBuildFile; fileRef = D3EAE1601818B153005AC38F /* list.png */; };
		D3EAE1691818B153005AC38F /* list@2x.png in Resources */ = {isa = PBXBuildFile; fileRef = D3EAE1611818B153005AC38F /* list@2x.png */; };
		D3EAE16C1818B29E005AC38F /* MoveButton.png in Resources */ = {isa = PBXBuildFile; fileRef = D3EAE16A1818B29E005AC38F /* MoveButton.png */; };
		D3EAE16D1818B29E005AC38F /* MoveButton@2x.png in Resources */ = {isa = PBXBuildFile; fileRef = D3EAE16B1818B29E005AC38F /* MoveButton@2x.png */; };
		D3EAE1701818B47E005AC38F /* launch-logo.png in Resources */ = {isa = PBXBuildFile; fileRef = D3EAE16E1818B47E005AC38F /* launch-logo.png */; };
		D3EAE1711818B47E005AC38F /* launch-logo@2x.png in Resources */ = {isa = PBXBuildFile; fileRef = D3EAE16F1818B47E005AC38F /* launch-logo@2x.png */; };
/* End PBXBuildFile section */

/* Begin PBXContainerItemProxy section */
		D3EAE1461818B07F005AC38F /* PBXContainerItemProxy */ = {
			isa = PBXContainerItemProxy;
			containerPortal = D3EAE1181818B07F005AC38F /* Project object */;
			proxyType = 1;
			remoteGlobalIDString = D3EAE11F1818B07F005AC38F;
			remoteInfo = VoovilSplashScreen;
		};
/* End PBXContainerItemProxy section */

/* Begin PBXFileReference section */
		D3EAE1201818B07F005AC38F /* VoovilSplashScreen.app */ = {isa = PBXFileReference; explicitFileType = wrapper.application; includeInIndex = 0; path = VoovilSplashScreen.app; sourceTree = BUILT_PRODUCTS_DIR; };
		D3EAE1231818B07F005AC38F /* Foundation.framework */ = {isa = PBXFileReference; lastKnownFileType = wrapper.framework; name = Foundation.framework; path = System/Library/Frameworks/Foundation.framework; sourceTree = SDKROOT; };
		D3EAE1251818B07F005AC38F /* CoreGraphics.framework */ = {isa = PBXFileReference; lastKnownFileType = wrapper.framework; name = CoreGraphics.framework; path = System/Library/Frameworks/CoreGraphics.framework; sourceTree = SDKROOT; };
		D3EAE1271818B07F005AC38F /* UIKit.framework */ = {isa = PBXFileReference; lastKnownFileType = wrapper.framework; name = UIKit.framework; path = System/Library/Frameworks/UIKit.framework; sourceTree = SDKROOT; };
		D3EAE12B1818B07F005AC38F /* VoovilSplashScreen-Info.plist */ = {isa = PBXFileReference; lastKnownFileType = text.plist.xml; path = "VoovilSplashScreen-Info.plist"; sourceTree = "<group>"; };
		D3EAE12D1818B07F005AC38F /* en */ = {isa = PBXFileReference; lastKnownFileType = text.plist.strings; name = en; path = en.lproj/InfoPlist.strings; sourceTree = "<group>"; };
		D3EAE12F1818B07F005AC38F /* main.m */ = {isa = PBXFileReference; lastKnownFileType = sourcecode.c.objc; path = main.m; sourceTree = "<group>"; };
		D3EAE1311818B07F005AC38F /* VoovilSplashScreen-Prefix.pch */ = {isa = PBXFileReference; lastKnownFileType = sourcecode.c.h; path = "VoovilSplashScreen-Prefix.pch"; sourceTree = "<group>"; };
		D3EAE1321818B07F005AC38F /* AppDelegate.h */ = {isa = PBXFileReference; lastKnownFileType = sourcecode.c.h; path = AppDelegate.h; sourceTree = "<group>"; };
		D3EAE1331818B07F005AC38F /* AppDelegate.m */ = {isa = PBXFileReference; lastKnownFileType = sourcecode.c.objc; path = AppDelegate.m; sourceTree = "<group>"; };
		D3EAE1361818B07F005AC38F /* Base */ = {isa = PBXFileReference; lastKnownFileType = file.storyboard; name = Base; path = Base.lproj/Main.storyboard; sourceTree = "<group>"; };
		D3EAE1381818B07F005AC38F /* ViewController.h */ = {isa = PBXFileReference; lastKnownFileType = sourcecode.c.h; path = ViewController.h; sourceTree = "<group>"; };
		D3EAE1391818B07F005AC38F /* ViewController.m */ = {isa = PBXFileReference; lastKnownFileType = sourcecode.c.objc; path = ViewController.m; sourceTree = "<group>"; };
		D3EAE13B1818B07F005AC38F /* Images.xcassets */ = {isa = PBXFileReference; lastKnownFileType = folder.assetcatalog; path = Images.xcassets; sourceTree = "<group>"; };
		D3EAE1411818B07F005AC38F /* VoovilSplashScreenTests.xctest */ = {isa = PBXFileReference; explicitFileType = wrapper.cfbundle; includeInIndex = 0; path = VoovilSplashScreenTests.xctest; sourceTree = BUILT_PRODUCTS_DIR; };
		D3EAE1421818B07F005AC38F /* XCTest.framework */ = {isa = PBXFileReference; lastKnownFileType = wrapper.framework; name = XCTest.framework; path = Library/Frameworks/XCTest.framework; sourceTree = DEVELOPER_DIR; };
		D3EAE14A1818B07F005AC38F /* VoovilSplashScreenTests-Info.plist */ = {isa = PBXFileReference; lastKnownFileType = text.plist.xml; path = "VoovilSplashScreenTests-Info.plist"; sourceTree = "<group>"; };
		D3EAE14C1818B07F005AC38F /* en */ = {isa = PBXFileReference; lastKnownFileType = text.plist.strings; name = en; path = en.lproj/InfoPlist.strings; sourceTree = "<group>"; };
		D3EAE14E1818B07F005AC38F /* VoovilSplashScreenTests.m */ = {isa = PBXFileReference; lastKnownFileType = sourcecode.c.objc; path = VoovilSplashScreenTests.m; sourceTree = "<group>"; };
		D3EAE15B1818B153005AC38F /* bg-default.png */ = {isa = PBXFileReference; lastKnownFileType = image.png; path = "bg-default.png"; sourceTree = "<group>"; };
		D3EAE15C1818B153005AC38F /* bg-default@2x.png */ = {isa = PBXFileReference; lastKnownFileType = image.png; path = "bg-default@2x.png"; sourceTree = "<group>"; };
		D3EAE1601818B153005AC38F /* list.png */ = {isa = PBXFileReference; lastKnownFileType = image.png; path = list.png; sourceTree = "<group>"; };
		D3EAE1611818B153005AC38F /* list@2x.png */ = {isa = PBXFileReference; lastKnownFileType = image.png; path = "list@2x.png"; sourceTree = "<group>"; };
		D3EAE16A1818B29E005AC38F /* MoveButton.png */ = {isa = PBXFileReference; lastKnownFileType = image.png; path = MoveButton.png; sourceTree = "<group>"; };
		D3EAE16B1818B29E005AC38F /* MoveButton@2x.png */ = {isa = PBXFileReference; lastKnownFileType = image.png; path = "MoveButton@2x.png"; sourceTree = "<group>"; };
		D3EAE16E1818B47E005AC38F /* launch-logo.png */ = {isa = PBXFileReference; lastKnownFileType = image.png; path = "launch-logo.png"; sourceTree = "<group>"; };
		D3EAE16F1818B47E005AC38F /* launch-logo@2x.png */ = {isa = PBXFileReference; lastKnownFileType = image.png; path = "launch-logo@2x.png"; sourceTree = "<group>"; };
/* End PBXFileReference section */

/* Begin PBXFrameworksBuildPhase section */
		D3EAE11D1818B07F005AC38F /* Frameworks */ = {
			isa = PBXFrameworksBuildPhase;
			buildActionMask = 2147483647;
			files = (
				D3EAE1261818B07F005AC38F /* CoreGraphics.framework in Frameworks */,
				D3EAE1281818B07F005AC38F /* UIKit.framework in Frameworks */,
				D3EAE1241818B07F005AC38F /* Foundation.framework in Frameworks */,
			);
			runOnlyForDeploymentPostprocessing = 0;
		};
		D3EAE13E1818B07F005AC38F /* Frameworks */ = {
			isa = PBXFrameworksBuildPhase;
			buildActionMask = 2147483647;
			files = (
				D3EAE1431818B07F005AC38F /* XCTest.framework in Frameworks */,
				D3EAE1451818B07F005AC38F /* UIKit.framework in Frameworks */,
				D3EAE1441818B07F005AC38F /* Foundation.framework in Frameworks */,
			);
			runOnlyForDeploymentPostprocessing = 0;
		};
/* End PBXFrameworksBuildPhase section */

/* Begin PBXGroup section */
		D3EAE1171818B07F005AC38F = {
			isa = PBXGroup;
			children = (
				D3EAE1291818B07F005AC38F /* VoovilSplashScreen */,
				D3EAE1481818B07F005AC38F /* VoovilSplashScreenTests */,
				D3EAE1221818B07F005AC38F /* Frameworks */,
				D3EAE1211818B07F005AC38F /* Products */,
			);
			sourceTree = "<group>";
		};
		D3EAE1211818B07F005AC38F /* Products */ = {
			isa = PBXGroup;
			children = (
				D3EAE1201818B07F005AC38F /* VoovilSplashScreen.app */,
				D3EAE1411818B07F005AC38F /* VoovilSplashScreenTests.xctest */,
			);
			name = Products;
			sourceTree = "<group>";
		};
		D3EAE1221818B07F005AC38F /* Frameworks */ = {
			isa = PBXGroup;
			children = (
				D3EAE1231818B07F005AC38F /* Foundation.framework */,
				D3EAE1251818B07F005AC38F /* CoreGraphics.framework */,
				D3EAE1271818B07F005AC38F /* UIKit.framework */,
				D3EAE1421818B07F005AC38F /* XCTest.framework */,
			);
			name = Frameworks;
			sourceTree = "<group>";
		};
		D3EAE1291818B07F005AC38F /* VoovilSplashScreen */ = {
			isa = PBXGroup;
			children = (
				D3EAE1321818B07F005AC38F /* AppDelegate.h */,
				D3EAE1331818B07F005AC38F /* AppDelegate.m */,
				D3EAE1351818B07F005AC38F /* Main.storyboard */,
				D3EAE1381818B07F005AC38F /* ViewController.h */,
				D3EAE1391818B07F005AC38F /* ViewController.m */,
				D3EAE1581818B153005AC38F /* images */,
				D3EAE13B1818B07F005AC38F /* Images.xcassets */,
				D3EAE12A1818B07F005AC38F /* Supporting Files */,
			);
			path = VoovilSplashScreen;
			sourceTree = "<group>";
		};
		D3EAE12A1818B07F005AC38F /* Supporting Files */ = {
			isa = PBXGroup;
			children = (
				D3EAE12B1818B07F005AC38F /* VoovilSplashScreen-Info.plist */,
				D3EAE12C1818B07F005AC38F /* InfoPlist.strings */,
				D3EAE12F1818B07F005AC38F /* main.m */,
				D3EAE1311818B07F005AC38F /* VoovilSplashScreen-Prefix.pch */,
			);
			name = "Supporting Files";
			sourceTree = "<group>";
		};
		D3EAE1481818B07F005AC38F /* VoovilSplashScreenTests */ = {
			isa = PBXGroup;
			children = (
				D3EAE14E1818B07F005AC38F /* VoovilSplashScreenTests.m */,
				D3EAE1491818B07F005AC38F /* Supporting Files */,
			);
			path = VoovilSplashScreenTests;
			sourceTree = "<group>";
		};
		D3EAE1491818B07F005AC38F /* Supporting Files */ = {
			isa = PBXGroup;
			children = (
				D3EAE14A1818B07F005AC38F /* VoovilSplashScreenTests-Info.plist */,
				D3EAE14B1818B07F005AC38F /* InfoPlist.strings */,
			);
			name = "Supporting Files";
			sourceTree = "<group>";
		};
		D3EAE1581818B153005AC38F /* images */ = {
			isa = PBXGroup;
			children = (
				D3EAE16A1818B29E005AC38F /* MoveButton.png */,
				D3EAE16B1818B29E005AC38F /* MoveButton@2x.png */,
				D3EAE16E1818B47E005AC38F /* launch-logo.png */,
				D3EAE16F1818B47E005AC38F /* launch-logo@2x.png */,
				D3EAE15B1818B153005AC38F /* bg-default.png */,
				D3EAE15C1818B153005AC38F /* bg-default@2x.png */,
				D3EAE15F1818B153005AC38F /* Icons */,
			);
			path = images;
			sourceTree = "<group>";
		};
		D3EAE15F1818B153005AC38F /* Icons */ = {
			isa = PBXGroup;
			children = (
				D3EAE1601818B153005AC38F /* list.png */,
				D3EAE1611818B153005AC38F /* list@2x.png */,
			);
			path = Icons;
			sourceTree = "<group>";
		};
/* End PBXGroup section */

/* Begin PBXNativeTarget section */
		D3EAE11F1818B07F005AC38F /* VoovilSplashScreen */ = {
			isa = PBXNativeTarget;
			buildConfigurationList = D3EAE1521818B07F005AC38F /* Build configuration list for PBXNativeTarget "VoovilSplashScreen" */;
			buildPhases = (
				D3EAE11C1818B07F005AC38F /* Sources */,
				D3EAE11D1818B07F005AC38F /* Frameworks */,
				D3EAE11E1818B07F005AC38F /* Resources */,
				D3EAE1721818BAFE005AC38F /* ShellScript */,
			);
			buildRules = (
			);
			dependencies = (
			);
			name = VoovilSplashScreen;
			productName = VoovilSplashScreen;
			productReference = D3EAE1201818B07F005AC38F /* VoovilSplashScreen.app */;
			productType = "com.apple.product-type.application";
		};
		D3EAE1401818B07F005AC38F /* VoovilSplashScreenTests */ = {
			isa = PBXNativeTarget;
			buildConfigurationList = D3EAE1551818B07F005AC38F /* Build configuration list for PBXNativeTarget "VoovilSplashScreenTests" */;
			buildPhases = (
				D3EAE13D1818B07F005AC38F /* Sources */,
				D3EAE13E1818B07F005AC38F /* Frameworks */,
				D3EAE13F1818B07F005AC38F /* Resources */,
			);
			buildRules = (
			);
			dependencies = (
				D3EAE1471818B07F005AC38F /* PBXTargetDependency */,
			);
			name = VoovilSplashScreenTests;
			productName = VoovilSplashScreenTests;
			productReference = D3EAE1411818B07F005AC38F /* VoovilSplashScreenTests.xctest */;
			productType = "com.apple.product-type.bundle.unit-test";
		};
/* End PBXNativeTarget section */

/* Begin PBXProject section */
		D3EAE1181818B07F005AC38F /* Project object */ = {
			isa = PBXProject;
			attributes = {
				LastUpgradeCheck = 0500;
				ORGANIZATIONNAME = "Özcan Akbulut";
				TargetAttributes = {
					D3EAE1401818B07F005AC38F = {
						TestTargetID = D3EAE11F1818B07F005AC38F;
					};
				};
			};
			buildConfigurationList = D3EAE11B1818B07F005AC38F /* Build configuration list for PBXProject "VoovilSplashScreen" */;
			compatibilityVersion = "Xcode 3.2";
			developmentRegion = English;
			hasScannedForEncodings = 0;
			knownRegions = (
				en,
				Base,
			);
			mainGroup = D3EAE1171818B07F005AC38F;
			productRefGroup = D3EAE1211818B07F005AC38F /* Products */;
			projectDirPath = "";
			projectRoot = "";
			targets = (
				D3EAE11F1818B07F005AC38F /* VoovilSplashScreen */,
				D3EAE1401818B07F005AC38F /* VoovilSplashScreenTests */,
			);
		};
/* End PBXProject section */

/* Begin PBXResourcesBuildPhase section */
		D3EAE11E1818B07F005AC38F /* Resources */ = {
			isa = PBXResourcesBuildPhase;
			buildActionMask = 2147483647;
			files = (
				D3EAE1711818B47E005AC38F /* launch-logo@2x.png in Resources */,
				D3EAE1681818B153005AC38F /* list.png in Resources */,
				D3EAE1701818B47E005AC38F /* launch-logo.png in Resources */,
				D3EAE13C1818B07F005AC38F /* Images.xcassets in Resources */,
				D3EAE1641818B153005AC38F /* bg-default.png in Resources */,
				D3EAE16D1818B29E005AC38F /* MoveButton@2x.png in Resources */,
				D3EAE12E1818B07F005AC38F /* InfoPlist.strings in Resources */,
				D3EAE16C1818B29E005AC38F /* MoveButton.png in Resources */,
				D3EAE1651818B153005AC38F /* bg-default@2x.png in Resources */,
				D3EAE1691818B153005AC38F /* list@2x.png in Resources */,
				D3EAE1371818B07F005AC38F /* Main.storyboard in Resources */,
			);
			runOnlyForDeploymentPostprocessing = 0;
		};
		D3EAE13F1818B07F005AC38F /* Resources */ = {
			isa = PBXResourcesBuildPhase;
			buildActionMask = 2147483647;
			files = (
				D3EAE14D1818B07F005AC38F /* InfoPlist.strings in Resources */,
			);
			runOnlyForDeploymentPostprocessing = 0;
		};
/* End PBXResourcesBuildPhase section */

/* Begin PBXShellScriptBuildPhase section */
		D3EAE1721818BAFE005AC38F /* ShellScript */ = {
			isa = PBXShellScriptBuildPhase;
			buildActionMask = 2147483647;
			files = (
			);
			inputPaths = (
			);
			outputPaths = (
			);
			runOnlyForDeploymentPostprocessing = 0;
			shellPath = /bin/sh;
			shellScript = "#!/bin/bash\nbN=$(/usr/libexec/PlistBuddy -c \"Print CFBundleVersion\" \"$INFOPLIST_FILE\")\nbN=$((bN += 1))\nbN=$(printf \"%d\" $bN)\n/usr/libexec/PlistBuddy -c \"Set :CFBundleVersion $bN\" \"$INFOPLIST_FILE\"";
		};
/* End PBXShellScriptBuildPhase section */

/* Begin PBXSourcesBuildPhase section */
		D3EAE11C1818B07F005AC38F /* Sources */ = {
			isa = PBXSourcesBuildPhase;
			buildActionMask = 2147483647;
			files = (
				D3EAE13A1818B07F005AC38F /* ViewController.m in Sources */,
				D3EAE1341818B07F005AC38F /* AppDelegate.m in Sources */,
				D3EAE1301818B07F005AC38F /* main.m in Sources */,
			);
			runOnlyForDeploymentPostprocessing = 0;
		};
		D3EAE13D1818B07F005AC38F /* Sources */ = {
			isa = PBXSourcesBuildPhase;
			buildActionMask = 2147483647;
			files = (
				D3EAE14F1818B07F005AC38F /* VoovilSplashScreenTests.m in Sources */,
			);
			runOnlyForDeploymentPostprocessing = 0;
		};
/* End PBXSourcesBuildPhase section */

/* Begin PBXTargetDependency section */
		D3EAE1471818B07F005AC38F /* PBXTargetDependency */ = {
			isa = PBXTargetDependency;
			target = D3EAE11F1818B07F005AC38F /* VoovilSplashScreen */;
			targetProxy = D3EAE1461818B07F005AC38F /* PBXContainerItemProxy */;
		};
/* End PBXTargetDependency section */

/* Begin PBXVariantGroup section */
		D3EAE12C1818B07F005AC38F /* InfoPlist.strings */ = {
			isa = PBXVariantGroup;
			children = (
				D3EAE12D1818B07F005AC38F /* en */,
			);
			name = InfoPlist.strings;
			sourceTree = "<group>";
		};
		D3EAE1351818B07F005AC38F /* Main.storyboard */ = {
			isa = PBXVariantGroup;
			children = (
				D3EAE1361818B07F005AC38F /* Base */,
			);
			name = Main.storyboard;
			sourceTree = "<group>";
		};
		D3EAE14B1818B07F005AC38F /* InfoPlist.strings */ = {
			isa = PBXVariantGroup;
			children = (
				D3EAE14C1818B07F005AC38F /* en */,
			);
			name = InfoPlist.strings;
			sourceTree = "<group>";
		};
/* End PBXVariantGroup section */

/* Begin XCBuildConfiguration section */
		D3EAE1501818B07F005AC38F /* Debug */ = {
			isa = XCBuildConfiguration;
			buildSettings = {
				ALWAYS_SEARCH_USER_PATHS = NO;
				ARCHS = "$(ARCHS_STANDARD_INCLUDING_64_BIT)";
				CLANG_CXX_LANGUAGE_STANDARD = "gnu++0x";
				CLANG_CXX_LIBRARY = "libc++";
				CLANG_ENABLE_MODULES = YES;
				CLANG_ENABLE_OBJC_ARC = YES;
				CLANG_WARN_BOOL_CONVERSION = YES;
				CLANG_WARN_CONSTANT_CONVERSION = YES;
				CLANG_WARN_DIRECT_OBJC_ISA_USAGE = YES_ERROR;
				CLANG_WARN_EMPTY_BODY = YES;
				CLANG_WARN_ENUM_CONVERSION = YES;
				CLANG_WARN_INT_CONVERSION = YES;
				CLANG_WARN_OBJC_ROOT_CLASS = YES_ERROR;
				CLANG_WARN__DUPLICATE_METHOD_MATCH = YES;
				"CODE_SIGN_IDENTITY[sdk=iphoneos*]" = "iPhone Developer";
				COPY_PHASE_STRIP = NO;
				GCC_C_LANGUAGE_STANDARD = gnu99;
				GCC_DYNAMIC_NO_PIC = NO;
				GCC_OPTIMIZATION_LEVEL = 0;
				GCC_PREPROCESSOR_DEFINITIONS = (
					"DEBUG=1",
					"$(inherited)",
				);
				GCC_SYMBOLS_PRIVATE_EXTERN = NO;
				GCC_WARN_64_TO_32_BIT_CONVERSION = YES;
				GCC_WARN_ABOUT_RETURN_TYPE = YES_ERROR;
				GCC_WARN_UNDECLARED_SELECTOR = YES;
				GCC_WARN_UNINITIALIZED_AUTOS = YES;
				GCC_WARN_UNUSED_FUNCTION = YES;
				GCC_WARN_UNUSED_VARIABLE = YES;
				IPHONEOS_DEPLOYMENT_TARGET = 7.0;
				ONLY_ACTIVE_ARCH = YES;
				SDKROOT = iphoneos;
			};
			name = Debug;
		};
		D3EAE1511818B07F005AC38F /* Release */ = {
			isa = XCBuildConfiguration;
			buildSettings = {
				ALWAYS_SEARCH_USER_PATHS = NO;
				ARCHS = "$(ARCHS_STANDARD_INCLUDING_64_BIT)";
				CLANG_CXX_LANGUAGE_STANDARD = "gnu++0x";
				CLANG_CXX_LIBRARY = "libc++";
				CLANG_ENABLE_MODULES = YES;
				CLANG_ENABLE_OBJC_ARC = YES;
				CLANG_WARN_BOOL_CONVERSION = YES;
				CLANG_WARN_CONSTANT_CONVERSION = YES;
				CLANG_WARN_DIRECT_OBJC_ISA_USAGE = YES_ERROR;
				CLANG_WARN_EMPTY_BODY = YES;
				CLANG_WARN_ENUM_CONVERSION = YES;
				CLANG_WARN_INT_CONVERSION = YES;
				CLANG_WARN_OBJC_ROOT_CLASS = YES_ERROR;
				CLANG_WARN__DUPLICATE_METHOD_MATCH = YES;
				"CODE_SIGN_IDENTITY[sdk=iphoneos*]" = "iPhone Developer";
				COPY_PHASE_STRIP = YES;
				ENABLE_NS_ASSERTIONS = NO;
				GCC_C_LANGUAGE_STANDARD = gnu99;
				GCC_WARN_64_TO_32_BIT_CONVERSION = YES;
				GCC_WARN_ABOUT_RETURN_TYPE = YES_ERROR;
				GCC_WARN_UNDECLARED_SELECTOR = YES;
				GCC_WARN_UNINITIALIZED_AUTOS = YES;
				GCC_WARN_UNUSED_FUNCTION = YES;
				GCC_WARN_UNUSED_VARIABLE = YES;
				IPHONEOS_DEPLOYMENT_TARGET = 7.0;
				SDKROOT = iphoneos;
				VALIDATE_PRODUCT = YES;
			};
			name = Release;
		};
		D3EAE1531818B07F005AC38F /* Debug */ = {
			isa = XCBuildConfiguration;
			buildSettings = {
				ASSETCATALOG_COMPILER_APPICON_NAME = AppIcon;
				ASSETCATALOG_COMPILER_LAUNCHIMAGE_NAME = LaunchImage;
				GCC_PRECOMPILE_PREFIX_HEADER = YES;
				GCC_PREFIX_HEADER = "VoovilSplashScreen/VoovilSplashScreen-Prefix.pch";
				INFOPLIST_FILE = "VoovilSplashScreen/VoovilSplashScreen-Info.plist";
				PRODUCT_NAME = "$(TARGET_NAME)";
				WRAPPER_EXTENSION = app;
			};
			name = Debug;
		};
		D3EAE1541818B07F005AC38F /* Release */ = {
			isa = XCBuildConfiguration;
			buildSettings = {
				ASSETCATALOG_COMPILER_APPICON_NAME = AppIcon;
				ASSETCATALOG_COMPILER_LAUNCHIMAGE_NAME = LaunchImage;
				GCC_PRECOMPILE_PREFIX_HEADER = YES;
				GCC_PREFIX_HEADER = "VoovilSplashScreen/VoovilSplashScreen-Prefix.pch";
				INFOPLIST_FILE = "VoovilSplashScreen/VoovilSplashScreen-Info.plist";
				PRODUCT_NAME = "$(TARGET_NAME)";
				WRAPPER_EXTENSION = app;
			};
			name = Release;
		};
		D3EAE1561818B07F005AC38F /* Debug */ = {
			isa = XCBuildConfiguration;
			buildSettings = {
				ARCHS = "$(ARCHS_STANDARD_INCLUDING_64_BIT)";
				BUNDLE_LOADER = "$(BUILT_PRODUCTS_DIR)/VoovilSplashScreen.app/VoovilSplashScreen";
				FRAMEWORK_SEARCH_PATHS = (
					"$(SDKROOT)/Developer/Library/Frameworks",
					"$(inherited)",
					"$(DEVELOPER_FRAMEWORKS_DIR)",
				);
				GCC_PRECOMPILE_PREFIX_HEADER = YES;
				GCC_PREFIX_HEADER = "VoovilSplashScreen/VoovilSplashScreen-Prefix.pch";
				GCC_PREPROCESSOR_DEFINITIONS = (
					"DEBUG=1",
					"$(inherited)",
				);
				INFOPLIST_FILE = "VoovilSplashScreenTests/VoovilSplashScreenTests-Info.plist";
				PRODUCT_NAME = "$(TARGET_NAME)";
				TEST_HOST = "$(BUNDLE_LOADER)";
				WRAPPER_EXTENSION = xctest;
			};
			name = Debug;
		};
		D3EAE1571818B07F005AC38F /* Release */ = {
			isa = XCBuildConfiguration;
			buildSettings = {
				ARCHS = "$(ARCHS_STANDARD_INCLUDING_64_BIT)";
				BUNDLE_LOADER = "$(BUILT_PRODUCTS_DIR)/VoovilSplashScreen.app/VoovilSplashScreen";
				FRAMEWORK_SEARCH_PATHS = (
					"$(SDKROOT)/Developer/Library/Frameworks",
					"$(inherited)",
					"$(DEVELOPER_FRAMEWORKS_DIR)",
				);
				GCC_PRECOMPILE_PREFIX_HEADER = YES;
				GCC_PREFIX_HEADER = "VoovilSplashScreen/VoovilSplashScreen-Prefix.pch";
				INFOPLIST_FILE = "VoovilSplashScreenTests/VoovilSplashScreenTests-Info.plist";
				PRODUCT_NAME = "$(TARGET_NAME)";
				TEST_HOST = "$(BUNDLE_LOADER)";
				WRAPPER_EXTENSION = xctest;
			};
			name = Release;
		};
/* End XCBuildConfiguration section */

/* Begin XCConfigurationList section */
		D3EAE11B1818B07F005AC38F /* Build configuration list for PBXProject "VoovilSplashScreen" */ = {
			isa = XCConfigurationList;
			buildConfigurations = (
				D3EAE1501818B07F005AC38F /* Debug */,
				D3EAE1511818B07F005AC38F /* Release */,
			);
			defaultConfigurationIsVisible = 0;
			defaultConfigurationName = Release;
		};
		D3EAE1521818B07F005AC38F /* Build configuration list for PBXNativeTarget "VoovilSplashScreen" */ = {
			isa = XCConfigurationList;
			buildConfigurations = (
				D3EAE1531818B07F005AC38F /* Debug */,
				D3EAE1541818B07F005AC38F /* Release */,
			);
			defaultConfigurationIsVisible = 0;
			defaultConfigurationName = Release;
		};
		D3EAE1551818B07F005AC38F /* Build configuration list for PBXNativeTarget "VoovilSplashScreenTests" */ = {
			isa = XCConfigurationList;
			buildConfigurations = (
				D3EAE1561818B07F005AC38F /* Debug */,
				D3EAE1571818B07F005AC38F /* Release */,
			);
			defaultConfigurationIsVisible = 0;
			defaultConfigurationName = Release;
		};
/* End XCConfigurationList section */
	};
	rootObject = D3EAE1181818B07F005AC38F /* Project object */;
}
